
Microsoft Visual Studio Solution File, Format Version 12.00
# Visual Studio Version 17
VisualStudioVersion = 17.3.32929.385
MinimumVisualStudioVersion = 10.0.40219.1
Project("{9A19103F-16F7-4668-BE54-9A1E7A4F7556}") = "Warcaby", "Warcaby\Warcaby\Warcaby.csproj", "{994A3CFD-51D3-417E-A611-57C95BDE1EC1}"
EndProject
Project("{FAE04EC0-301F-11D3-BF4B-00C04F79EFBC}") = "Warcaby.Droid", "Warcaby\Warcaby.Droid\Warcaby.Droid.csproj", "{E5A67F4C-A522-4F02-BE44-2B91C75C609A}"
EndProject
Project("{FAE04EC0-301F-11D3-BF4B-00C04F79EFBC}") = "Warcaby.iOS", "Warcaby\Warcaby.iOS\Warcaby.iOS.csproj", "{9B2D1D34-4E17-4E99-B092-0A0E7E79C328}"
EndProject
Global
	GlobalSection(SolutionConfigurationPlatforms) = preSolution
		Ad-Hoc|Any CPU = Ad-Hoc|Any CPU
		Ad-Hoc|iPhone = Ad-Hoc|iPhone
		Ad-Hoc|iPhoneSimulator = Ad-Hoc|iPhoneSimulator
		AppStore|Any CPU = AppStore|Any CPU
		AppStore|iPhone = AppStore|iPhone
		AppStore|iPhoneSimulator = AppStore|iPhoneSimulator
		Debug|Any CPU = Debug|Any CPU
		Debug|iPhone = Debug|iPhone
		Debug|iPhoneSimulator = Debug|iPhoneSimulator
		Release|Any CPU = Release|Any CPU
		Release|iPhone = Release|iPhone
		Release|iPhoneSimulator = Release|iPhoneSimulator
	EndGlobalSection
	GlobalSection(ProjectConfigurationPlatforms) = postSolution
		{994A3CFD-51D3-417E-A611-57C95BDE1EC1}.Ad-Hoc|Any CPU.ActiveCfg = Release|Any CPU
		{994A3CFD-51D3-417E-A611-57C95BDE1EC1}.Ad-Hoc|Any CPU.Build.0 = Release|Any CPU
		{994A3CFD-51D3-417E-A611-57C95BDE1EC1}.Ad-Hoc|iPhone.ActiveCfg = Debug|Any CPU
		{994A3CFD-51D3-417E-A611-57C95BDE1EC1}.Ad-Hoc|iPhone.Build.0 = Debug|Any CPU
		{994A3CFD-51D3-417E-A611-57C95BDE1EC1}.Ad-Hoc|iPhoneSimulator.ActiveCfg = Release|Any CPU
		{994A3CFD-51D3-417E-A611-57C95BDE1EC1}.Ad-Hoc|iPhoneSimulator.Build.0 = Release|Any CPU
		{994A3CFD-51D3-417E-A611-57C95BDE1EC1}.AppStore|Any CPU.ActiveCfg = Release|Any CPU
		{994A3CFD-51D3-417E-A611-57C95BDE1EC1}.AppStore|Any CPU.Build.0 = Release|Any CPU
		{994A3CFD-51D3-417E-A611-57C95BDE1EC1}.AppStore|iPhone.ActiveCfg = Debug|Any CPU
		{994A3CFD-51D3-417E-A611-57C95BDE1EC1}.AppStore|iPhone.Build.0 = Debug|Any CPU
		{994A3CFD-51D3-417E-A611-57C95BDE1EC1}.AppStore|iPhoneSimulator.ActiveCfg = Release|Any CPU
		{994A3CFD-51D3-417E-A611-57C95BDE1EC1}.AppStore|iPhoneSimulator.Build.0 = Release|Any CPU
		{994A3CFD-51D3-417E-A611-57C95BDE1EC1}.Debug|Any CPU.ActiveCfg = Debug|Any CPU
		{994A3CFD-51D3-417E-A611-57C95BDE1EC1}.Debug|Any CPU.Build.0 = Debug|Any CPU
		{994A3CFD-51D3-417E-A611-57C95BDE1EC1}.Debug|iPhone.ActiveCfg = Debug|Any CPU
		{994A3CFD-51D3-417E-A611-57C95BDE1EC1}.Debug|iPhone.Build.0 = Debug|Any CPU
		{994A3CFD-51D3-417E-A611-57C95BDE1EC1}.Debug|iPhoneSimulator.ActiveCfg = Debug|Any CPU
		{994A3CFD-51D3-417E-A611-57C95BDE1EC1}.Debug|iPhoneSimulator.Build.0 = Debug|Any CPU
		{994A3CFD-51D3-417E-A611-57C95BDE1EC1}.Release|Any CPU.ActiveCfg = Release|Any CPU
		{994A3CFD-51D3-417E-A611-57C95BDE1EC1}.Release|Any CPU.Build.0 = Release|Any CPU
		{994A3CFD-51D3-417E-A611-57C95BDE1EC1}.Release|iPhone.ActiveCfg = Release|Any CPU
		{994A3CFD-51D3-417E-A611-57C95BDE1EC1}.Release|iPhone.Build.0 = Release|Any CPU
		{994A3CFD-51D3-417E-A611-57C95BDE1EC1}.Release|iPhoneSimulator.ActiveCfg = Release|Any CPU
		{994A3CFD-51D3-417E-A611-57C95BDE1EC1}.Release|iPhoneSimulator.Build.0 = Release|Any CPU
		{E5A67F4C-A522-4F02-BE44-2B91C75C609A}.Ad-Hoc|Any CPU.ActiveCfg = Release|Any CPU
		{E5A67F4C-A522-4F02-BE44-2B91C75C609A}.Ad-Hoc|Any CPU.Build.0 = Release|Any CPU
		{E5A67F4C-A522-4F02-BE44-2B91C75C609A}.Ad-Hoc|Any CPU.Deploy.0 = Release|Any CPU
		{E5A67F4C-A522-4F02-BE44-2B91C75C609A}.Ad-Hoc|iPhone.ActiveCfg = Debug|Any CPU
		{E5A67F4C-A522-4F02-BE44-2B91C75C609A}.Ad-Hoc|iPhone.Build.0 = Debug|Any CPU
		{E5A67F4C-A522-4F02-BE44-2B91C75C609A}.Ad-Hoc|iPhone.Deploy.0 = Debug|Any CPU
		{E5A67F4C-A522-4F02-BE44-2B91C75C609A}.Ad-Hoc|iPhoneSimulator.ActiveCfg = Release|Any CPU
		{E5A67F4C-A522-4F02-BE44-2B91C75C609A}.Ad-Hoc|iPhoneSimulator.Build.0 = Release|Any CPU
		{E5A67F4C-A522-4F02-BE44-2B91C75C609A}.Ad-Hoc|iPhoneSimulator.Deploy.0 = Release|Any CPU
		{E5A67F4C-A522-4F02-BE44-2B91C75C609A}.AppStore|Any CPU.ActiveCfg = Release|Any CPU
		{E5A67F4C-A522-4F02-BE44-2B91C75C609A}.AppStore|Any CPU.Build.0 = Release|Any CPU
		{E5A67F4C-A522-4F02-BE44-2B91C75C609A}.AppStore|Any CPU.Deploy.0 = Release|Any CPU
		{E5A67F4C-A522-4F02-BE44-2B91C75C609A}.AppStore|iPhone.ActiveCfg = Debug|Any CPU
		{E5A67F4C-A522-4F02-BE44-2B91C75C609A}.AppStore|iPhone.Build.0 = Debug|Any CPU
		{E5A67F4C-A522-4F02-BE44-2B91C75C609A}.AppStore|iPhone.Deploy.0 = Debug|Any CPU
		{E5A67F4C-A522-4F02-BE44-2B91C75C609A}.AppStore|iPhoneSimulator.ActiveCfg = Release|Any CPU
		{E5A67F4C-A522-4F02-BE44-2B91C75C609A}.AppStore|iPhoneSimulator.Build.0 = Release|Any CPU
		{E5A67F4C-A522-4F02-BE44-2B91C75C609A}.AppStore|iPhoneSimulator.Deploy.0 = Release|Any CPU
		{E5A67F4C-A522-4F02-BE44-2B91C75C609A}.Debug|Any CPU.ActiveCfg = Debug|Any CPU
		{E5A67F4C-A522-4F02-BE44-2B91C75C609A}.Debug|Any CPU.Build.0 = Debug|Any CPU
		{E5A67F4C-A522-4F02-BE44-2B91C75C609A}.Debug|Any CPU.Deploy.0 = Debug|Any CPU
		{E5A67F4C-A522-4F02-BE44-2B91C75C609A}.Debug|iPhone.ActiveCfg = Debug|Any CPU
		{E5A67F4C-A522-4F02-BE44-2B91C75C609A}.Debug|iPhone.Build.0 = Debug|Any CPU
		{E5A67F4C-A522-4F02-BE44-2B91C75C609A}.Debug|iPhone.Deploy.0 = Debug|Any CPU
		{E5A67F4C-A522-4F02-BE44-2B91C75C609A}.Debug|iPhoneSimulator.ActiveCfg = Debug|Any CPU
		{E5A67F4C-A522-4F02-BE44-2B91C75C609A}.Debug|iPhoneSimulator.Build.0 = Debug|Any CPU
		{E5A67F4C-A522-4F02-BE44-2B91C75C609A}.Debug|iPhoneSimulator.Deploy.0 = Debug|Any CPU
		{E5A67F4C-A522-4F02-BE44-2B91C75C609A}.Release|Any CPU.ActiveCfg = Release|Any CPU
		{E5A67F4C-A522-4F02-BE44-2B91C75C609A}.Release|Any CPU.Build.0 = Release|Any CPU
		{E5A67F4C-A522-4F02-BE44-2B91C75C609A}.Release|Any CPU.Deploy.0 = Release|Any CPU
		{E5A67F4C-A522-4F02-BE44-2B91C75C609A}.Release|iPhone.ActiveCfg = Release|Any CPU
		{E5A67F4C-A522-4F02-BE44-2B91C75C609A}.Release|iPhone.Build.0 = Release|Any CPU
		{E5A67F4C-A522-4F02-BE44-2B91C75C609A}.Release|iPhone.Deploy.0 = Release|Any CPU
		{E5A67F4C-A522-4F02-BE44-2B91C75C609A}.Release|iPhoneSimulator.ActiveCfg = Release|Any CPU
		{E5A67F4C-A522-4F02-BE44-2B91C75C609A}.Release|iPhoneSimulator.Build.0 = Release|Any CPU
		{E5A67F4C-A522-4F02-BE44-2B91C75C609A}.Release|iPhoneSimulator.Deploy.0 = Release|Any CPU
		{9B2D1D34-4E17-4E99-B092-0A0E7E79C328}.Ad-Hoc|Any CPU.ActiveCfg = Ad-Hoc|iPhoneSimulator
		{9B2D1D34-4E17-4E99-B092-0A0E7E79C328}.Ad-Hoc|Any CPU.Build.0 = Ad-Hoc|iPhoneSimulator
		{9B2D1D34-4E17-4E99-B092-0A0E7E79C328}.Ad-Hoc|iPhone.ActiveCfg = Ad-Hoc|iPhone
		{9B2D1D34-4E17-4E99-B092-0A0E7E79C328}.Ad-Hoc|iPhone.Build.0 = Ad-Hoc|iPhone
		{9B2D1D34-4E17-4E99-B092-0A0E7E79C328}.Ad-Hoc|iPhone.Deploy.0 = Ad-Hoc|iPhone
		{9B2D1D34-4E17-4E99-B092-0A0E7E79C328}.Ad-Hoc|iPhoneSimulator.ActiveCfg = Ad-Hoc|iPhoneSimulator
		{9B2D1D34-4E17-4E99-B092-0A0E7E79C328}.Ad-Hoc|iPhoneSimulator.Build.0 = Ad-Hoc|iPhoneSimulator
		{9B2D1D34-4E17-4E99-B092-0A0E7E79C328}.AppStore|Any CPU.ActiveCfg = AppStore|iPhoneSimulator
		{9B2D1D34-4E17-4E99-B092-0A0E7E79C328}.AppStore|Any CPU.Build.0 = AppStore|iPhoneSimulator
		{9B2D1D34-4E17-4E99-B092-0A0E7E79C328}.AppStore|iPhone.ActiveCfg = AppStore|iPhone
		{9B2D1D34-4E17-4E99-B092-0A0E7E79C328}.AppStore|iPhone.Build.0 = AppStore|iPhone
		{9B2D1D34-4E17-4E99-B092-0A0E7E79C328}.AppStore|iPhone.Deploy.0 = AppStore|iPhone
		{9B2D1D34-4E17-4E99-B092-0A0E7E79C328}.AppStore|iPhoneSimulator.ActiveCfg = AppStore|iPhoneSimulator
		{9B2D1D34-4E17-4E99-B092-0A0E7E79C328}.AppStore|iPhoneSimulator.Build.0 = AppStore|iPhoneSimulator
		{9B2D1D34-4E17-4E99-B092-0A0E7E79C328}.Debug|Any CPU.ActiveCfg = Debug|iPhoneSimulator
		{9B2D1D34-4E17-4E99-B092-0A0E7E79C328}.Debug|Any CPU.Build.0 = Debug|iPhoneSimulator
		{9B2D1D34-4E17-4E99-B092-0A0E7E79C328}.Debug|Any CPU.Deploy.0 = Debug|iPhoneSimulator
		{9B2D1D34-4E17-4E99-B092-0A0E7E79C328}.Debug|iPhone.ActiveCfg = Debug|iPhone
		{9B2D1D34-4E17-4E99-B092-0A0E7E79C328}.Debug|iPhone.Build.0 = Debug|iPhone
		{9B2D1D34-4E17-4E99-B092-0A0E7E79C328}.Debug|iPhone.Deploy.0 = Debug|iPhone
		{9B2D1D34-4E17-4E99-B092-0A0E7E79C328}.Debug|iPhoneSimulator.ActiveCfg = Debug|iPhoneSimulator
		{9B2D1D34-4E17-4E99-B092-0A0E7E79C328}.Debug|iPhoneSimulator.Build.0 = Debug|iPhoneSimulator
		{9B2D1D34-4E17-4E99-B092-0A0E7E79C328}.Debug|iPhoneSimulator.Deploy.0 = Debug|iPhoneSimulator
		{9B2D1D34-4E17-4E99-B092-0A0E7E79C328}.Release|Any CPU.ActiveCfg = Release|iPhoneSimulator
		{9B2D1D34-4E17-4E99-B092-0A0E7E79C328}.Release|Any CPU.Build.0 = Release|iPhoneSimulator
		{9B2D1D34-4E17-4E99-B092-0A0E7E79C328}.Release|Any CPU.Deploy.0 = Release|iPhoneSimulator
		{9B2D1D34-4E17-4E99-B092-0A0E7E79C328}.Release|iPhone.ActiveCfg = Release|iPhone
		{9B2D1D34-4E17-4E99-B092-0A0E7E79C328}.Release|iPhone.Build.0 = Release|iPhone
		{9B2D1D34-4E17-4E99-B092-0A0E7E79C328}.Release|iPhone.Deploy.0 = Release|iPhone
		{9B2D1D34-4E17-4E99-B092-0A0E7E79C328}.Release|iPhoneSimulator.ActiveCfg = Release|iPhoneSimulator
		{9B2D1D34-4E17-4E99-B092-0A0E7E79C328}.Release|iPhoneSimulator.Build.0 = Release|iPhoneSimulator
		{9B2D1D34-4E17-4E99-B092-0A0E7E79C328}.Release|iPhoneSimulator.Deploy.0 = Release|iPhoneSimulator
	EndGlobalSection
	GlobalSection(SolutionProperties) = preSolution
		HideSolutionNode = FALSE
	EndGlobalSection
	GlobalSection(ExtensibilityGlobals) = postSolution
		SolutionGuid = {777D0488-DEF8-4965-98E8-25E838A43F2A}
	EndGlobalSection
EndGlobal
